// !$*UTF8*$!
{
	archiveVersion = 1;
	classes = {
	};
	objectVersion = 50;
	objects = {

/* Begin PBXBuildFile section */
		2A439C212238E11500E8459C /* AppDelegate.swift in Sources */ = {isa = PBXBuildFile; fileRef = 2A439C202238E11500E8459C /* AppDelegate.swift */; };
		2A439C232238E11500E8459C /* ViewController.swift in Sources */ = {isa = PBXBuildFile; fileRef = 2A439C222238E11500E8459C /* ViewController.swift */; };
		2A439C262238E11500E8459C /* Main.storyboard in Resources */ = {isa = PBXBuildFile; fileRef = 2A439C242238E11500E8459C /* Main.storyboard */; };
		2A439C292238E11500E8459C /* MAP.xcdatamodeld in Sources */ = {isa = PBXBuildFile; fileRef = 2A439C272238E11500E8459C /* MAP.xcdatamodeld */; };
		2A439C2B2238E11700E8459C /* Assets.xcassets in Resources */ = {isa = PBXBuildFile; fileRef = 2A439C2A2238E11700E8459C /* Assets.xcassets */; };
		2A439C2E2238E11700E8459C /* LaunchScreen.storyboard in Resources */ = {isa = PBXBuildFile; fileRef = 2A439C2C2238E11700E8459C /* LaunchScreen.storyboard */; };
		2A439C392238E11700E8459C /* MAPTests.swift in Sources */ = {isa = PBXBuildFile; fileRef = 2A439C382238E11700E8459C /* MAPTests.swift */; };
		2A439C442238E11700E8459C /* MAPUITests.swift in Sources */ = {isa = PBXBuildFile; fileRef = 2A439C432238E11700E8459C /* MAPUITests.swift */; };
/* End PBXBuildFile section */

/* Begin PBXContainerItemProxy section */
		2A439C352238E11700E8459C /* PBXContainerItemProxy */ = {
			isa = PBXContainerItemProxy;
			containerPortal = 2A439C152238E11500E8459C /* Project object */;
			proxyType = 1;
			remoteGlobalIDString = 2A439C1C2238E11500E8459C;
			remoteInfo = MAP;
		};
		2A439C402238E11700E8459C /* PBXContainerItemProxy */ = {
			isa = PBXContainerItemProxy;
			containerPortal = 2A439C152238E11500E8459C /* Project object */;
			proxyType = 1;
			remoteGlobalIDString = 2A439C1C2238E11500E8459C;
			remoteInfo = MAP;
		};
/* End PBXContainerItemProxy section */

/* Begin PBXFileReference section */
		2A439C1D2238E11500E8459C /* MAP.app */ = {isa = PBXFileReference; explicitFileType = wrapper.application; includeInIndex = 0; path = MAP.app; sourceTree = BUILT_PRODUCTS_DIR; };
		2A439C202238E11500E8459C /* AppDelegate.swift */ = {isa = PBXFileReference; lastKnownFileType = sourcecode.swift; path = AppDelegate.swift; sourceTree = "<group>"; };
		2A439C222238E11500E8459C /* ViewController.swift */ = {isa = PBXFileReference; lastKnownFileType = sourcecode.swift; path = ViewController.swift; sourceTree = "<group>"; };
		2A439C252238E11500E8459C /* Base */ = {isa = PBXFileReference; lastKnownFileType = file.storyboard; name = Base; path = Base.lproj/Main.storyboard; sourceTree = "<group>"; };
		2A439C282238E11500E8459C /* MAP.xcdatamodel */ = {isa = PBXFileReference; lastKnownFileType = wrapper.xcdatamodel; path = MAP.xcdatamodel; sourceTree = "<group>"; };
		2A439C2A2238E11700E8459C /* Assets.xcassets */ = {isa = PBXFileReference; lastKnownFileType = folder.assetcatalog; path = Assets.xcassets; sourceTree = "<group>"; };
		2A439C2D2238E11700E8459C /* Base */ = {isa = PBXFileReference; lastKnownFileType = file.storyboard; name = Base; path = Base.lproj/LaunchScreen.storyboard; sourceTree = "<group>"; };
		2A439C2F2238E11700E8459C /* Info.plist */ = {isa = PBXFileReference; lastKnownFileType = text.plist.xml; path = Info.plist; sourceTree = "<group>"; };
		2A439C342238E11700E8459C /* MAPTests.xctest */ = {isa = PBXFileReference; explicitFileType = wrapper.cfbundle; includeInIndex = 0; path = MAPTests.xctest; sourceTree = BUILT_PRODUCTS_DIR; };
		2A439C382238E11700E8459C /* MAPTests.swift */ = {isa = PBXFileReference; lastKnownFileType = sourcecode.swift; path = MAPTests.swift; sourceTree = "<group>"; };
		2A439C3A2238E11700E8459C /* Info.plist */ = {isa = PBXFileReference; lastKnownFileType = text.plist.xml; path = Info.plist; sourceTree = "<group>"; };
		2A439C3F2238E11700E8459C /* MAPUITests.xctest */ = {isa = PBXFileReference; explicitFileType = wrapper.cfbundle; includeInIndex = 0; path = MAPUITests.xctest; sourceTree = BUILT_PRODUCTS_DIR; };
		2A439C432238E11700E8459C /* MAPUITests.swift */ = {isa = PBXFileReference; lastKnownFileType = sourcecode.swift; path = MAPUITests.swift; sourceTree = "<group>"; };
		2A439C452238E11700E8459C /* Info.plist */ = {isa = PBXFileReference; lastKnownFileType = text.plist.xml; path = Info.plist; sourceTree = "<group>"; };
/* End PBXFileReference section */

/* Begin PBXFrameworksBuildPhase section */
		2A439C1A2238E11500E8459C /* Frameworks */ = {
			isa = PBXFrameworksBuildPhase;
			buildActionMask = 2147483647;
			files = (
			);
			runOnlyForDeploymentPostprocessing = 0;
		};
		2A439C312238E11700E8459C /* Frameworks */ = {
			isa = PBXFrameworksBuildPhase;
			buildActionMask = 2147483647;
			files = (
			);
			runOnlyForDeploymentPostprocessing = 0;
		};
		2A439C3C2238E11700E8459C /* Frameworks */ = {
			isa = PBXFrameworksBuildPhase;
			buildActionMask = 2147483647;
			files = (
			);
			runOnlyForDeploymentPostprocessing = 0;
		};
/* End PBXFrameworksBuildPhase section */

/* Begin PBXGroup section */
		2A439C142238E11500E8459C = {
			isa = PBXGroup;
			children = (
				2A439C1F2238E11500E8459C /* MAP */,
				2A439C372238E11700E8459C /* MAPTests */,
				2A439C422238E11700E8459C /* MAPUITests */,
				2A439C1E2238E11500E8459C /* Products */,
			);
			sourceTree = "<group>";
		};
		2A439C1E2238E11500E8459C /* Products */ = {
			isa = PBXGroup;
			children = (
				2A439C1D2238E11500E8459C /* MAP.app */,
				2A439C342238E11700E8459C /* MAPTests.xctest */,
				2A439C3F2238E11700E8459C /* MAPUITests.xctest */,
			);
			name = Products;
			sourceTree = "<group>";
		};
		2A439C1F2238E11500E8459C /* MAP */ = {
			isa = PBXGroup;
			children = (
				2A439C202238E11500E8459C /* AppDelegate.swift */,
				2A439C222238E11500E8459C /* ViewController.swift */,
				2A439C242238E11500E8459C /* Main.storyboard */,
				2A439C2A2238E11700E8459C /* Assets.xcassets */,
				2A439C2C2238E11700E8459C /* LaunchScreen.storyboard */,
				2A439C2F2238E11700E8459C /* Info.plist */,
				2A439C272238E11500E8459C /* MAP.xcdatamodeld */,
			);
			path = MAP;
			sourceTree = "<group>";
		};
		2A439C372238E11700E8459C /* MAPTests */ = {
			isa = PBXGroup;
			children = (
				2A439C382238E11700E8459C /* MAPTests.swift */,
				2A439C3A2238E11700E8459C /* Info.plist */,
			);
			path = MAPTests;
			sourceTree = "<group>";
		};
		2A439C422238E11700E8459C /* MAPUITests */ = {
			isa = PBXGroup;
			children = (
				2A439C432238E11700E8459C /* MAPUITests.swift */,
				2A439C452238E11700E8459C /* Info.plist */,
			);
			path = MAPUITests;
			sourceTree = "<group>";
		};
/* End PBXGroup section */

/* Begin PBXNativeTarget section */
		2A439C1C2238E11500E8459C /* MAP */ = {
			isa = PBXNativeTarget;
			buildConfigurationList = 2A439C482238E11700E8459C /* Build configuration list for PBXNativeTarget "MAP" */;
			buildPhases = (
				2A439C192238E11500E8459C /* Sources */,
				2A439C1A2238E11500E8459C /* Frameworks */,
				2A439C1B2238E11500E8459C /* Resources */,
			);
			buildRules = (
			);
			dependencies = (
			);
			name = MAP;
			productName = MAP;
			productReference = 2A439C1D2238E11500E8459C /* MAP.app */;
			productType = "com.apple.product-type.application";
		};
		2A439C332238E11700E8459C /* MAPTests */ = {
			isa = PBXNativeTarget;
			buildConfigurationList = 2A439C4B2238E11700E8459C /* Build configuration list for PBXNativeTarget "MAPTests" */;
			buildPhases = (
				2A439C302238E11700E8459C /* Sources */,
				2A439C312238E11700E8459C /* Frameworks */,
				2A439C322238E11700E8459C /* Resources */,
			);
			buildRules = (
			);
			dependencies = (
				2A439C362238E11700E8459C /* PBXTargetDependency */,
			);
			name = MAPTests;
			productName = MAPTests;
			productReference = 2A439C342238E11700E8459C /* MAPTests.xctest */;
			productType = "com.apple.product-type.bundle.unit-test";
		};
		2A439C3E2238E11700E8459C /* MAPUITests */ = {
			isa = PBXNativeTarget;
			buildConfigurationList = 2A439C4E2238E11700E8459C /* Build configuration list for PBXNativeTarget "MAPUITests" */;
			buildPhases = (
				2A439C3B2238E11700E8459C /* Sources */,
				2A439C3C2238E11700E8459C /* Frameworks */,
				2A439C3D2238E11700E8459C /* Resources */,
			);
			buildRules = (
			);
			dependencies = (
				2A439C412238E11700E8459C /* PBXTargetDependency */,
			);
			name = MAPUITests;
			productName = MAPUITests;
			productReference = 2A439C3F2238E11700E8459C /* MAPUITests.xctest */;
			productType = "com.apple.product-type.bundle.ui-testing";
		};
/* End PBXNativeTarget section */

/* Begin PBXProject section */
		2A439C152238E11500E8459C /* Project object */ = {
			isa = PBXProject;
			attributes = {
				LastSwiftUpdateCheck = 1010;
				LastUpgradeCheck = 1010;
				ORGANIZATIONNAME = unwithdrawal;
				TargetAttributes = {
					2A439C1C2238E11500E8459C = {
						CreatedOnToolsVersion = 10.1;
					};
					2A439C332238E11700E8459C = {
						CreatedOnToolsVersion = 10.1;
						TestTargetID = 2A439C1C2238E11500E8459C;
					};
					2A439C3E2238E11700E8459C = {
						CreatedOnToolsVersion = 10.1;
						TestTargetID = 2A439C1C2238E11500E8459C;
					};
				};
			};
			buildConfigurationList = 2A439C182238E11500E8459C /* Build configuration list for PBXProject "MAP" */;
			compatibilityVersion = "Xcode 9.3";
			developmentRegion = en;
			hasScannedForEncodings = 0;
			knownRegions = (
				en,
				Base,
			);
			mainGroup = 2A439C142238E11500E8459C;
			productRefGroup = 2A439C1E2238E11500E8459C /* Products */;
			projectDirPath = "";
			projectRoot = "";
			targets = (
				2A439C1C2238E11500E8459C /* MAP */,
				2A439C332238E11700E8459C /* MAPTests */,
				2A439C3E2238E11700E8459C /* MAPUITests */,
			);
		};
/* End PBXProject section */

/* Begin PBXResourcesBuildPhase section */
		2A439C1B2238E11500E8459C /* Resources */ = {
			isa = PBXResourcesBuildPhase;
			buildActionMask = 2147483647;
			files = (
				2A439C2E2238E11700E8459C /* LaunchScreen.storyboard in Resources */,
				2A439C2B2238E11700E8459C /* Assets.xcassets in Resources */,
				2A439C262238E11500E8459C /* Main.storyboard in Resources */,
			);
			runOnlyForDeploymentPostprocessing = 0;
		};
		2A439C322238E11700E8459C /* Resources */ = {
			isa = PBXResourcesBuildPhase;
			buildActionMask = 2147483647;
			files = (
			);
			runOnlyForDeploymentPostprocessing = 0;
		};
		2A439C3D2238E11700E8459C /* Resources */ = {
			isa = PBXResourcesBuildPhase;
			buildActionMask = 2147483647;
			files = (
			);
			runOnlyForDeploymentPostprocessing = 0;
		};
/* End PBXResourcesBuildPhase section */

/* Begin PBXSourcesBuildPhase section */
		2A439C192238E11500E8459C /* Sources */ = {
			isa = PBXSourcesBuildPhase;
			buildActionMask = 2147483647;
			files = (
				2A439C232238E11500E8459C /* ViewController.swift in Sources */,
				2A439C292238E11500E8459C /* MAP.xcdatamodeld in Sources */,
				2A439C212238E11500E8459C /* AppDelegate.swift in Sources */,
			);
			runOnlyForDeploymentPostprocessing = 0;
		};
		2A439C302238E11700E8459C /* Sources */ = {
			isa = PBXSourcesBuildPhase;
			buildActionMask = 2147483647;
			files = (
				2A439C392238E11700E8459C /* MAPTests.swift in Sources */,
			);
			runOnlyForDeploymentPostprocessing = 0;
		};
		2A439C3B2238E11700E8459C /* Sources */ = {
			isa = PBXSourcesBuildPhase;
			buildActionMask = 2147483647;
			files = (
				2A439C442238E11700E8459C /* MAPUITests.swift in Sources */,
			);
			runOnlyForDeploymentPostprocessing = 0;
		};
/* End PBXSourcesBuildPhase section */

/* Begin PBXTargetDependency section */
		2A439C362238E11700E8459C /* PBXTargetDependency */ = {
			isa = PBXTargetDependency;
			target = 2A439C1C2238E11500E8459C /* MAP */;
			targetProxy = 2A439C352238E11700E8459C /* PBXContainerItemProxy */;
		};
		2A439C412238E11700E8459C /* PBXTargetDependency */ = {
			isa = PBXTargetDependency;
			target = 2A439C1C2238E11500E8459C /* MAP */;
			targetProxy = 2A439C402238E11700E8459C /* PBXContainerItemProxy */;
		};
/* End PBXTargetDependency section */

/* Begin PBXVariantGroup section */
		2A439C242238E11500E8459C /* Main.storyboard */ = {
			isa = PBXVariantGroup;
			children = (
				2A439C252238E11500E8459C /* Base */,
			);
			name = Main.storyboard;
			sourceTree = "<group>";
		};
		2A439C2C2238E11700E8459C /* LaunchScreen.storyboard */ = {
			isa = PBXVariantGroup;
			children = (
				2A439C2D2238E11700E8459C /* Base */,
			);
			name = LaunchScreen.storyboard;
			sourceTree = "<group>";
		};
/* End PBXVariantGroup section */

/* Begin XCBuildConfiguration section */
		2A439C462238E11700E8459C /* Debug */ = {
			isa = XCBuildConfiguration;
			buildSettings = {
				ALWAYS_SEARCH_USER_PATHS = NO;
				CLANG_ANALYZER_NONNULL = YES;
				CLANG_ANALYZER_NUMBER_OBJECT_CONVERSION = YES_AGGRESSIVE;
				CLANG_CXX_LANGUAGE_STANDARD = "gnu++14";
				CLANG_CXX_LIBRARY = "libc++";
				CLANG_ENABLE_MODULES = YES;
				CLANG_ENABLE_OBJC_ARC = YES;
				CLANG_ENABLE_OBJC_WEAK = YES;
				CLANG_WARN_BLOCK_CAPTURE_AUTORELEASING = YES;
				CLANG_WARN_BOOL_CONVERSION = YES;
				CLANG_WARN_COMMA = YES;
				CLANG_WARN_CONSTANT_CONVERSION = YES;
				CLANG_WARN_DEPRECATED_OBJC_IMPLEMENTATIONS = YES;
				CLANG_WARN_DIRECT_OBJC_ISA_USAGE = YES_ERROR;
				CLANG_WARN_DOCUMENTATION_COMMENTS = YES;
				CLANG_WARN_EMPTY_BODY = YES;
				CLANG_WARN_ENUM_CONVERSION = YES;
				CLANG_WARN_INFINITE_RECURSION = YES;
				CLANG_WARN_INT_CONVERSION = YES;
				CLANG_WARN_NON_LITERAL_NULL_CONVERSION = YES;
				CLANG_WARN_OBJC_IMPLICIT_RETAIN_SELF = YES;
				CLANG_WARN_OBJC_LITERAL_CONVERSION = YES;
				CLANG_WARN_OBJC_ROOT_CLASS = YES_ERROR;
				CLANG_WARN_RANGE_LOOP_ANALYSIS = YES;
				CLANG_WARN_STRICT_PROTOTYPES = YES;
				CLANG_WARN_SUSPICIOUS_MOVE = YES;
				CLANG_WARN_UNGUARDED_AVAILABILITY = YES_AGGRESSIVE;
				CLANG_WARN_UNREACHABLE_CODE = YES;
				CLANG_WARN__DUPLICATE_METHOD_MATCH = YES;
				CODE_SIGN_IDENTITY = "iPhone Developer";
				COPY_PHASE_STRIP = NO;
				DEBUG_INFORMATION_FORMAT = dwarf;
				ENABLE_STRICT_OBJC_MSGSEND = YES;
				ENABLE_TESTABILITY = YES;
				GCC_C_LANGUAGE_STANDARD = gnu11;
				GCC_DYNAMIC_NO_PIC = NO;
				GCC_NO_COMMON_BLOCKS = YES;
				GCC_OPTIMIZATION_LEVEL = 0;
				GCC_PREPROCESSOR_DEFINITIONS = (
					"DEBUG=1",
					"$(inherited)",
				);
				GCC_WARN_64_TO_32_BIT_CONVERSION = YES;
				GCC_WARN_ABOUT_RETURN_TYPE = YES_ERROR;
				GCC_WARN_UNDECLARED_SELECTOR = YES;
				GCC_WARN_UNINITIALIZED_AUTOS = YES_AGGRESSIVE;
				GCC_WARN_UNUSED_FUNCTION = YES;
				GCC_WARN_UNUSED_VARIABLE = YES;
				IPHONEOS_DEPLOYMENT_TARGET = 12.1;
				MTL_ENABLE_DEBUG_INFO = INCLUDE_SOURCE;
				MTL_FAST_MATH = YES;
				ONLY_ACTIVE_ARCH = YES;
				SDKROOT = iphoneos;
				SWIFT_ACTIVE_COMPILATION_CONDITIONS = DEBUG;
				SWIFT_OPTIMIZATION_LEVEL = "-Onone";
			};
			name = Debug;
		};
		2A439C472238E11700E8459C /* Release */ = {
			isa = XCBuildConfiguration;
			buildSettings = {
				ALWAYS_SEARCH_USER_PATHS = NO;
				CLANG_ANALYZER_NONNULL = YES;
				CLANG_ANALYZER_NUMBER_OBJECT_CONVERSION = YES_AGGRESSIVE;
				CLANG_CXX_LANGUAGE_STANDARD = "gnu++14";
				CLANG_CXX_LIBRARY = "libc++";
				CLANG_ENABLE_MODULES = YES;
				CLANG_ENABLE_OBJC_ARC = YES;
				CLANG_ENABLE_OBJC_WEAK = YES;
				CLANG_WARN_BLOCK_CAPTURE_AUTORELEASING = YES;
				CLANG_WARN_BOOL_CONVERSION = YES;
				CLANG_WARN_COMMA = YES;
				CLANG_WARN_CONSTANT_CONVERSION = YES;
				CLANG_WARN_DEPRECATED_OBJC_IMPLEMENTATIONS = YES;
				CLANG_WARN_DIRECT_OBJC_ISA_USAGE = YES_ERROR;
				CLANG_WARN_DOCUMENTATION_COMMENTS = YES;
				CLANG_WARN_EMPTY_BODY = YES;
				CLANG_WARN_ENUM_CONVERSION = YES;
				CLANG_WARN_INFINITE_RECURSION = YES;
				CLANG_WARN_INT_CONVERSION = YES;
				CLANG_WARN_NON_LITERAL_NULL_CONVERSION = YES;
				CLANG_WARN_OBJC_IMPLICIT_RETAIN_SELF = YES;
				CLANG_WARN_OBJC_LITERAL_CONVERSION = YES;
				CLANG_WARN_OBJC_ROOT_CLASS = YES_ERROR;
				CLANG_WARN_RANGE_LOOP_ANALYSIS = YES;
				CLANG_WARN_STRICT_PROTOTYPES = YES;
				CLANG_WARN_SUSPICIOUS_MOVE = YES;
				CLANG_WARN_UNGUARDED_AVAILABILITY = YES_AGGRESSIVE;
				CLANG_WARN_UNREACHABLE_CODE = YES;
				CLANG_WARN__DUPLICATE_METHOD_MATCH = YES;
				CODE_SIGN_IDENTITY = "iPhone Developer";
				COPY_PHASE_STRIP = NO;
				DEBUG_INFORMATION_FORMAT = "dwarf-with-dsym";
				ENABLE_NS_ASSERTIONS = NO;
				ENABLE_STRICT_OBJC_MSGSEND = YES;
				GCC_C_LANGUAGE_STANDARD = gnu11;
				GCC_NO_COMMON_BLOCKS = YES;
				GCC_WARN_64_TO_32_BIT_CONVERSION = YES;
				GCC_WARN_ABOUT_RETURN_TYPE = YES_ERROR;
				GCC_WARN_UNDECLARED_SELECTOR = YES;
				GCC_WARN_UNINITIALIZED_AUTOS = YES_AGGRESSIVE;
				GCC_WARN_UNUSED_FUNCTION = YES;
				GCC_WARN_UNUSED_VARIABLE = YES;
				IPHONEOS_DEPLOYMENT_TARGET = 12.1;
				MTL_ENABLE_DEBUG_INFO = NO;
				MTL_FAST_MATH = YES;
				SDKROOT = iphoneos;
				SWIFT_COMPILATION_MODE = wholemodule;
				SWIFT_OPTIMIZATION_LEVEL = "-O";
				VALIDATE_PRODUCT = YES;
			};
			name = Release;
		};
		2A439C492238E11700E8459C /* Debug */ = {
			isa = XCBuildConfiguration;
			buildSettings = {
				ASSETCATALOG_COMPILER_APPICON_NAME = AppIcon;
				CODE_SIGN_STYLE = Automatic;
				DEVELOPMENT_TEAM = 98LF898D63;
				INFOPLIST_FILE = MAP/Info.plist;
				LD_RUNPATH_SEARCH_PATHS = (
					"$(inherited)",
					"@executable_path/Frameworks",
				);
				PRODUCT_BUNDLE_IDENTIFIER = unwithdrawal.MAP;
				PRODUCT_NAME = "$(TARGET_NAME)";
				SWIFT_VERSION = 4.2;
				TARGETED_DEVICE_FAMILY = "1,2";
			};
			name = Debug;
		};
		2A439C4A2238E11700E8459C /* Release */ = {
			isa = XCBuildConfiguration;
			buildSettings = {
				ASSETCATALOG_COMPILER_APPICON_NAME = AppIcon;
				CODE_SIGN_STYLE = Automatic;
				DEVELOPMENT_TEAM = 98LF898D63;
				INFOPLIST_FILE = MAP/Info.plist;
				LD_RUNPATH_SEARCH_PATHS = (
					"$(inherited)",
					"@executable_path/Frameworks",
				);
				PRODUCT_BUNDLE_IDENTIFIER = unwithdrawal.MAP;
				PRODUCT_NAME = "$(TARGET_NAME)";
				SWIFT_VERSION = 4.2;
				TARGETED_DEVICE_FAMILY = "1,2";
			};
			name = Release;
		};
		2A439C4C2238E11700E8459C /* Debug */ = {
			isa = XCBuildConfiguration;
			buildSettings = {
				ALWAYS_EMBED_SWIFT_STANDARD_LIBRARIES = YES;
				BUNDLE_LOADER = "$(TEST_HOST)";
				CODE_SIGN_STYLE = Automatic;
				DEVELOPMENT_TEAM = 98LF898D63;
				INFOPLIST_FILE = MAPTests/Info.plist;
				LD_RUNPATH_SEARCH_PATHS = (
					"$(inherited)",
					"@executable_path/Frameworks",
					"@loader_path/Frameworks",
				);
				PRODUCT_BUNDLE_IDENTIFIER = unwithdrawal.MAPTests;
				PRODUCT_NAME = "$(TARGET_NAME)";
				SWIFT_VERSION = 4.2;
				TARGETED_DEVICE_FAMILY = "1,2";
				TEST_HOST = "$(BUILT_PRODUCTS_DIR)/MAP.app/MAP";
			};
			name = Debug;
		};
		2A439C4D2238E11700E8459C /* Release */ = {
			isa = XCBuildConfiguration;
			buildSettings = {
				ALWAYS_EMBED_SWIFT_STANDARD_LIBRARIES = YES;
				BUNDLE_LOADER = "$(TEST_HOST)";
				CODE_SIGN_STYLE = Automatic;
				DEVELOPMENT_TEAM = 98LF898D63;
				INFOPLIST_FILE = MAPTests/Info.plist;
				LD_RUNPATH_SEARCH_PATHS = (
					"$(inherited)",
					"@executable_path/Frameworks",
					"@loader_path/Frameworks",
				);
				PRODUCT_BUNDLE_IDENTIFIER = unwithdrawal.MAPTests;
				PRODUCT_NAME = "$(TARGET_NAME)";
				SWIFT_VERSION = 4.2;
				TARGETED_DEVICE_FAMILY = "1,2";
				TEST_HOST = "$(BUILT_PRODUCTS_DIR)/MAP.app/MAP";
			};
			name = Release;
		};
		2A439C4F2238E11700E8459C /* Debug */ = {
			isa = XCBuildConfiguration;
			buildSettings = {
				ALWAYS_EMBED_SWIFT_STANDARD_LIBRARIES = YES;
				CODE_SIGN_STYLE = Automatic;
				DEVELOPMENT_TEAM = 98LF898D63;
				INFOPLIST_FILE = MAPUITests/Info.plist;
				LD_RUNPATH_SEARCH_PATHS = (
					"$(inherited)",
					"@executable_path/Frameworks",
					"@loader_path/Frameworks",
				);
				PRODUCT_BUNDLE_IDENTIFIER = unwithdrawal.MAPUITests;
				PRODUCT_NAME = "$(TARGET_NAME)";
				SWIFT_VERSION = 4.2;
				TARGETED_DEVICE_FAMILY = "1,2";
				TEST_TARGET_NAME = MAP;
			};
			name = Debug;
		};
		2A439C502238E11700E8459C /* Release */ = {
			isa = XCBuildConfiguration;
			buildSettings = {
				ALWAYS_EMBED_SWIFT_STANDARD_LIBRARIES = YES;
				CODE_SIGN_STYLE = Automatic;
				DEVELOPMENT_TEAM = 98LF898D63;
				INFOPLIST_FILE = MAPUITests/Info.plist;
				LD_RUNPATH_SEARCH_PATHS = (
					"$(inherited)",
					"@executable_path/Frameworks",
					"@loader_path/Frameworks",
				);
				PRODUCT_BUNDLE_IDENTIFIER = unwithdrawal.MAPUITests;
				PRODUCT_NAME = "$(TARGET_NAME)";
				SWIFT_VERSION = 4.2;
				TARGETED_DEVICE_FAMILY = "1,2";
				TEST_TARGET_NAME = MAP;
			};
			name = Release;
		};
/* End XCBuildConfiguration section */

/* Begin XCConfigurationList section */
		2A439C182238E11500E8459C /* Build configuration list for PBXProject "MAP" */ = {
			isa = XCConfigurationList;
			buildConfigurations = (
				2A439C462238E11700E8459C /* Debug */,
				2A439C472238E11700E8459C /* Release */,
			);
			defaultConfigurationIsVisible = 0;
			defaultConfigurationName = Release;
		};
		2A439C482238E11700E8459C /* Build configuration list for PBXNativeTarget "MAP" */ = {
			isa = XCConfigurationList;
			buildConfigurations = (
				2A439C492238E11700E8459C /* Debug */,
				2A439C4A2238E11700E8459C /* Release */,
			);
			defaultConfigurationIsVisible = 0;
			defaultConfigurationName = Release;
		};
		2A439C4B2238E11700E8459C /* Build configuration list for PBXNativeTarget "MAPTests" */ = {
			isa = XCConfigurationList;
			buildConfigurations = (
				2A439C4C2238E11700E8459C /* Debug */,
				2A439C4D2238E11700E8459C /* Release */,
			);
			defaultConfigurationIsVisible = 0;
			defaultConfigurationName = Release;
		};
		2A439C4E2238E11700E8459C /* Build configuration list for PBXNativeTarget "MAPUITests" */ = {
			isa = XCConfigurationList;
			buildConfigurations = (
				2A439C4F2238E11700E8459C /* Debug */,
				2A439C502238E11700E8459C /* Release */,
			);
			defaultConfigurationIsVisible = 0;
			defaultConfigurationName = Release;
		};
/* End XCConfigurationList section */

/* Begin XCVersionGroup section */
		2A439C272238E11500E8459C /* MAP.xcdatamodeld */ = {
			isa = XCVersionGroup;
			children = (
				2A439C282238E11500E8459C /* MAP.xcdatamodel */,
			);
			currentVersion = 2A439C282238E11500E8459C /* MAP.xcdatamodel */;
			path = MAP.xcdatamodeld;
			sourceTree = "<group>";
			versionGroupType = wrapper.xcdatamodel;
		};
/* End XCVersionGroup section */
	};
	rootObject = 2A439C152238E11500E8459C /* Project object */;
}
